{
  "name": "lens",
  "version": "0.0.2",
  "lockfileVersion": 2,
  "requires": true,
  "packages": {
    "": {
      "name": "lens",
      "version": "0.0.2",
      "license": "MIT",
      "devDependencies": {
        "zora": "^5.0.3"
      }
    },
    "node_modules/zora": {
      "version": "5.0.3",
      "resolved": "https://registry.npmjs.org/zora/-/zora-5.0.3.tgz",
      "integrity": "sha512-3DAIXwF1LAM17da2WXbW3vxit/EuTjXFoLsDe14ZAWePaq7v7SETp4uBus2vwrl67KozYrLYWsGYJ4GOsM7NVA==",
      "dev": true
    }
  },
  "dependencies": {
    "zora": {
      "version": "5.0.3",
      "resolved": "https://registry.npmjs.org/zora/-/zora-5.0.3.tgz",
      "integrity": "sha512-3DAIXwF1LAM17da2WXbW3vxit/EuTjXFoLsDe14ZAWePaq7v7SETp4uBus2vwrl67KozYrLYWsGYJ4GOsM7NVA==",
      "dev": true
    }
  }
}
